
Microsoft Visual Studio Solution File, Format Version 12.00
# Visual Studio Version 17
VisualStudioVersion = 17.10.34916.146
MinimumVisualStudioVersion = 10.0.40219.1
Project("{FAE04EC0-301F-11D3-BF4B-00C04F79EFBC}") = "MetotOverloading", "MetotOverloading\MetotOverloading.csproj", "{90D50343-9B10-463E-88BB-6397661C9EF8}"
EndProject
Global
	GlobalSection(SolutionConfigurationPlatforms) = preSolution
		Debug|Any CPU = Debug|Any CPU
		Release|Any CPU = Release|Any CPU
	EndGlobalSection
	GlobalSection(ProjectConfigurationPlatforms) = postSolution
		{90D50343-9B10-463E-88BB-6397661C9EF8}.Debug|Any CPU.ActiveCfg = Debug|Any CPU
		{90D50343-9B10-463E-88BB-6397661C9EF8}.Debug|Any CPU.Build.0 = Debug|Any CPU
		{90D50343-9B10-463E-88BB-6397661C9EF8}.Release|Any CPU.ActiveCfg = Release|Any CPU
		{90D50343-9B10-463E-88BB-6397661C9EF8}.Release|Any CPU.Build.0 = Release|Any CPU
	EndGlobalSection
	GlobalSection(SolutionProperties) = preSolution
		HideSolutionNode = FALSE
	EndGlobalSection
	GlobalSection(ExtensibilityGlobals) = postSolution
		SolutionGuid = {2B184A78-96B0-4649-9A9F-899752E32203}
	EndGlobalSection
EndGlobal
