
Microsoft Visual Studio Solution File, Format Version 12.00
# Visual Studio Version 17
VisualStudioVersion = 17.10.34916.146
MinimumVisualStudioVersion = 10.0.40219.1
Project("{FAE04EC0-301F-11D3-BF4B-00C04F79EFBC}") = "OverrideKavrami", "OverrideKavrami\OverrideKavrami.csproj", "{537C976F-FB76-4029-BC91-6796E5F6012F}"
EndProject
Global
	GlobalSection(SolutionConfigurationPlatforms) = preSolution
		Debug|Any CPU = Debug|Any CPU
		Release|Any CPU = Release|Any CPU
	EndGlobalSection
	GlobalSection(ProjectConfigurationPlatforms) = postSolution
		{537C976F-FB76-4029-BC91-6796E5F6012F}.Debug|Any CPU.ActiveCfg = Debug|Any CPU
		{537C976F-FB76-4029-BC91-6796E5F6012F}.Debug|Any CPU.Build.0 = Debug|Any CPU
		{537C976F-FB76-4029-BC91-6796E5F6012F}.Release|Any CPU.ActiveCfg = Release|Any CPU
		{537C976F-FB76-4029-BC91-6796E5F6012F}.Release|Any CPU.Build.0 = Release|Any CPU
	EndGlobalSection
	GlobalSection(SolutionProperties) = preSolution
		HideSolutionNode = FALSE
	EndGlobalSection
	GlobalSection(ExtensibilityGlobals) = postSolution
		SolutionGuid = {954B45EF-A862-42E4-AC38-7F1D8EC30A7F}
	EndGlobalSection
EndGlobal
